// !$*UTF8*$!
{
	archiveVersion = 1;
	classes = {
	};
	objectVersion = 46;
	objects = {

/* Begin PBXBuildFile section */
		3F90D9B11BF25CB700EACB36 /* main.m in Sources */ = {isa = PBXBuildFile; fileRef = 3F90D9B01BF25CB700EACB36 /* main.m */; };
		3F90D9B41BF25CB700EACB36 /* AppDelegate.m in Sources */ = {isa = PBXBuildFile; fileRef = 3F90D9B31BF25CB700EACB36 /* AppDelegate.m */; };
		3F90D9B71BF25CB700EACB36 /* ViewController.m in Sources */ = {isa = PBXBuildFile; fileRef = 3F90D9B61BF25CB700EACB36 /* ViewController.m */; };
		3F90D9BA1BF25CB700EACB36 /* Main.storyboard in Resources */ = {isa = PBXBuildFile; fileRef = 3F90D9B81BF25CB700EACB36 /* Main.storyboard */; };
		3F90D9BC1BF25CB700EACB36 /* Images.xcassets in Resources */ = {isa = PBXBuildFile; fileRef = 3F90D9BB1BF25CB700EACB36 /* Images.xcassets */; };
		3F90D9BF1BF25CB700EACB36 /* LaunchScreen.xib in Resources */ = {isa = PBXBuildFile; fileRef = 3F90D9BD1BF25CB700EACB36 /* LaunchScreen.xib */; };
		3F90D9CB1BF25CB700EACB36 /* testTests.m in Sources */ = {isa = PBXBuildFile; fileRef = 3F90D9CA1BF25CB700EACB36 /* testTests.m */; };
/* End PBXBuildFile section */

/* Begin PBXContainerItemProxy section */
		3F90D9C51BF25CB700EACB36 /* PBXContainerItemProxy */ = {
			isa = PBXContainerItemProxy;
			containerPortal = 3F90D9A31BF25CB700EACB36 /* Project object */;
			proxyType = 1;
			remoteGlobalIDString = 3F90D9AA1BF25CB700EACB36;
			remoteInfo = test;
		};
/* End PBXContainerItemProxy section */

/* Begin PBXFileReference section */
		3F90D9AB1BF25CB700EACB36 /* test.app */ = {isa = PBXFileReference; explicitFileType = wrapper.application; includeInIndex = 0; path = test.app; sourceTree = BUILT_PRODUCTS_DIR; };
		3F90D9AF1BF25CB700EACB36 /* Info.plist */ = {isa = PBXFileReference; lastKnownFileType = text.plist.xml; path = Info.plist; sourceTree = "<group>"; };
		3F90D9B01BF25CB700EACB36 /* main.m */ = {isa = PBXFileReference; lastKnownFileType = sourcecode.c.objc; path = main.m; sourceTree = "<group>"; };
		3F90D9B21BF25CB700EACB36 /* AppDelegate.h */ = {isa = PBXFileReference; lastKnownFileType = sourcecode.c.h; path = AppDelegate.h; sourceTree = "<group>"; };
		3F90D9B31BF25CB700EACB36 /* AppDelegate.m */ = {isa = PBXFileReference; lastKnownFileType = sourcecode.c.objc; path = AppDelegate.m; sourceTree = "<group>"; };
		3F90D9B51BF25CB700EACB36 /* ViewController.h */ = {isa = PBXFileReference; lastKnownFileType = sourcecode.c.h; path = ViewController.h; sourceTree = "<group>"; };
		3F90D9B61BF25CB700EACB36 /* ViewController.m */ = {isa = PBXFileReference; lastKnownFileType = sourcecode.c.objc; path = ViewController.m; sourceTree = "<group>"; };
		3F90D9B91BF25CB700EACB36 /* Base */ = {isa = PBXFileReference; lastKnownFileType = file.storyboard; name = Base; path = Base.lproj/Main.storyboard; sourceTree = "<group>"; };
		3F90D9BB1BF25CB700EACB36 /* Images.xcassets */ = {isa = PBXFileReference; lastKnownFileType = folder.assetcatalog; path = Images.xcassets; sourceTree = "<group>"; };
		3F90D9BE1BF25CB700EACB36 /* Base */ = {isa = PBXFileReference; lastKnownFileType = file.xib; name = Base; path = Base.lproj/LaunchScreen.xib; sourceTree = "<group>"; };
		3F90D9C41BF25CB700EACB36 /* testTests.xctest */ = {isa = PBXFileReference; explicitFileType = wrapper.cfbundle; includeInIndex = 0; path = testTests.xctest; sourceTree = BUILT_PRODUCTS_DIR; };
		3F90D9C91BF25CB700EACB36 /* Info.plist */ = {isa = PBXFileReference; lastKnownFileType = text.plist.xml; path = Info.plist; sourceTree = "<group>"; };
		3F90D9CA1BF25CB700EACB36 /* testTests.m */ = {isa = PBXFileReference; lastKnownFileType = sourcecode.c.objc; path = testTests.m; sourceTree = "<group>"; };
/* End PBXFileReference section */

/* Begin PBXFrameworksBuildPhase section */
		3F90D9A81BF25CB700EACB36 /* Frameworks */ = {
			isa = PBXFrameworksBuildPhase;
			buildActionMask = 2147483647;
			files = (
			);
			runOnlyForDeploymentPostprocessing = 0;
		};
		3F90D9C11BF25CB700EACB36 /* Frameworks */ = {
			isa = PBXFrameworksBuildPhase;
			buildActionMask = 2147483647;
			files = (
			);
			runOnlyForDeploymentPostprocessing = 0;
		};
/* End PBXFrameworksBuildPhase section */

/* Begin PBXGroup section */
		3F90D9A21BF25CB700EACB36 = {
			isa = PBXGroup;
			children = (
				3F90D9AD1BF25CB700EACB36 /* test */,
				3F90D9C71BF25CB700EACB36 /* testTests */,
				3F90D9AC1BF25CB700EACB36 /* Products */,
			);
			sourceTree = "<group>";
		};
		3F90D9AC1BF25CB700EACB36 /* Products */ = {
			isa = PBXGroup;
			children = (
				3F90D9AB1BF25CB700EACB36 /* test.app */,
				3F90D9C41BF25CB700EACB36 /* testTests.xctest */,
			);
			name = Products;
			sourceTree = "<group>";
		};
		3F90D9AD1BF25CB700EACB36 /* test */ = {
			isa = PBXGroup;
			children = (
				3F90D9B21BF25CB700EACB36 /* AppDelegate.h */,
				3F90D9B31BF25CB700EACB36 /* AppDelegate.m */,
				3F90D9B51BF25CB700EACB36 /* ViewController.h */,
				3F90D9B61BF25CB700EACB36 /* ViewController.m */,
				3F90D9B81BF25CB700EACB36 /* Main.storyboard */,
				3F90D9BB1BF25CB700EACB36 /* Images.xcassets */,
				3F90D9BD1BF25CB700EACB36 /* LaunchScreen.xib */,
				3F90D9AE1BF25CB700EACB36 /* Supporting Files */,
			);
			path = test;
			sourceTree = "<group>";
		};
		3F90D9AE1BF25CB700EACB36 /* Supporting Files */ = {
			isa = PBXGroup;
			children = (
				3F90D9AF1BF25CB700EACB36 /* Info.plist */,
				3F90D9B01BF25CB700EACB36 /* main.m */,
			);
			name = "Supporting Files";
			sourceTree = "<group>";
		};
		3F90D9C71BF25CB700EACB36 /* testTests */ = {
			isa = PBXGroup;
			children = (
				3F90D9CA1BF25CB700EACB36 /* testTests.m */,
				3F90D9C81BF25CB700EACB36 /* Supporting Files */,
			);
			path = testTests;
			sourceTree = "<group>";
		};
		3F90D9C81BF25CB700EACB36 /* Supporting Files */ = {
			isa = PBXGroup;
			children = (
				3F90D9C91BF25CB700EACB36 /* Info.plist */,
			);
			name = "Supporting Files";
			sourceTree = "<group>";
		};
/* End PBXGroup section */

/* Begin PBXNativeTarget section */
		3F90D9AA1BF25CB700EACB36 /* test */ = {
			isa = PBXNativeTarget;
			buildConfigurationList = 3F90D9CE1BF25CB700EACB36 /* Build configuration list for PBXNativeTarget "test" */;
			buildPhases = (
				3F90D9A71BF25CB700EACB36 /* Sources */,
				3F90D9A81BF25CB700EACB36 /* Frameworks */,
				3F90D9A91BF25CB700EACB36 /* Resources */,
			);
			buildRules = (
			);
			dependencies = (
			);
			name = test;
			productName = test;
			productReference = 3F90D9AB1BF25CB700EACB36 /* test.app */;
			productType = "com.apple.product-type.application";
		};
		3F90D9C31BF25CB700EACB36 /* testTests */ = {
			isa = PBXNativeTarget;
			buildConfigurationList = 3F90D9D11BF25CB700EACB36 /* Build configuration list for PBXNativeTarget "testTests" */;
			buildPhases = (
				3F90D9C01BF25CB700EACB36 /* Sources */,
				3F90D9C11BF25CB700EACB36 /* Frameworks */,
				3F90D9C21BF25CB700EACB36 /* Resources */,
			);
			buildRules = (
			);
			dependencies = (
				3F90D9C61BF25CB700EACB36 /* PBXTargetDependency */,
			);
			name = testTests;
			productName = testTests;
			productReference = 3F90D9C41BF25CB700EACB36 /* testTests.xctest */;
			productType = "com.apple.product-type.bundle.unit-test";
		};
/* End PBXNativeTarget section */

/* Begin PBXProject section */
		3F90D9A31BF25CB700EACB36 /* Project object */ = {
			isa = PBXProject;
			attributes = {
				LastUpgradeCheck = 0630;
				ORGANIZATIONNAME = mobiletrain;
				TargetAttributes = {
					3F90D9AA1BF25CB700EACB36 = {
						CreatedOnToolsVersion = 6.3.2;
					};
					3F90D9C31BF25CB700EACB36 = {
						CreatedOnToolsVersion = 6.3.2;
						TestTargetID = 3F90D9AA1BF25CB700EACB36;
					};
				};
			};
			buildConfigurationList = 3F90D9A61BF25CB700EACB36 /* Build configuration list for PBXProject "test" */;
			compatibilityVersion = "Xcode 3.2";
			developmentRegion = English;
			hasScannedForEncodings = 0;
			knownRegions = (
				en,
				Base,
			);
			mainGroup = 3F90D9A21BF25CB700EACB36;
			productRefGroup = 3F90D9AC1BF25CB700EACB36 /* Products */;
			projectDirPath = "";
			projectRoot = "";
			targets = (
				3F90D9AA1BF25CB700EACB36 /* test */,
				3F90D9C31BF25CB700EACB36 /* testTests */,
			);
		};
/* End PBXProject section */

/* Begin PBXResourcesBuildPhase section */
		3F90D9A91BF25CB700EACB36 /* Resources */ = {
			isa = PBXResourcesBuildPhase;
			buildActionMask = 2147483647;
			files = (
				3F90D9BA1BF25CB700EACB36 /* Main.storyboard in Resources */,
				3F90D9BF1BF25CB700EACB36 /* LaunchScreen.xib in Resources */,
				3F90D9BC1BF25CB700EACB36 /* Images.xcassets in Resources */,
			);
			runOnlyForDeploymentPostprocessing = 0;
		};
		3F90D9C21BF25CB700EACB36 /* Resources */ = {
			isa = PBXResourcesBuildPhase;
			buildActionMask = 2147483647;
			files = (
			);
			runOnlyForDeploymentPostprocessing = 0;
		};
/* End PBXResourcesBuildPhase section */

/* Begin PBXSourcesBuildPhase section */
		3F90D9A71BF25CB700EACB36 /* Sources */ = {
			isa = PBXSourcesBuildPhase;
			buildActionMask = 2147483647;
			files = (
				3F90D9B71BF25CB700EACB36 /* ViewController.m in Sources */,
				3F90D9B41BF25CB700EACB36 /* AppDelegate.m in Sources */,
				3F90D9B11BF25CB700EACB36 /* main.m in Sources */,
			);
			runOnlyForDeploymentPostprocessing = 0;
		};
		3F90D9C01BF25CB700EACB36 /* Sources */ = {
			isa = PBXSourcesBuildPhase;
			buildActionMask = 2147483647;
			files = (
				3F90D9CB1BF25CB700EACB36 /* testTests.m in Sources */,
			);
			runOnlyForDeploymentPostprocessing = 0;
		};
/* End PBXSourcesBuildPhase section */

/* Begin PBXTargetDependency section */
		3F90D9C61BF25CB700EACB36 /* PBXTargetDependency */ = {
			isa = PBXTargetDependency;
			target = 3F90D9AA1BF25CB700EACB36 /* test */;
			targetProxy = 3F90D9C51BF25CB700EACB36 /* PBXContainerItemProxy */;
		};
/* End PBXTargetDependency section */

/* Begin PBXVariantGroup section */
		3F90D9B81BF25CB700EACB36 /* Main.storyboard */ = {
			isa = PBXVariantGroup;
			children = (
				3F90D9B91BF25CB700EACB36 /* Base */,
			);
			name = Main.storyboard;
			sourceTree = "<group>";
		};
		3F90D9BD1BF25CB700EACB36 /* LaunchScreen.xib */ = {
			isa = PBXVariantGroup;
			children = (
				3F90D9BE1BF25CB700EACB36 /* Base */,
			);
			name = LaunchScreen.xib;
			sourceTree = "<group>";
		};
/* End PBXVariantGroup section */

/* Begin XCBuildConfiguration section */
		3F90D9CC1BF25CB700EACB36 /* Debug */ = {
			isa = XCBuildConfiguration;
			buildSettings = {
				ALWAYS_SEARCH_USER_PATHS = NO;
				CLANG_CXX_LANGUAGE_STANDARD = "gnu++0x";
				CLANG_CXX_LIBRARY = "libc++";
				CLANG_ENABLE_MODULES = YES;
				CLANG_ENABLE_OBJC_ARC = YES;
				CLANG_WARN_BOOL_CONVERSION = YES;
				CLANG_WARN_CONSTANT_CONVERSION = YES;
				CLANG_WARN_DIRECT_OBJC_ISA_USAGE = YES_ERROR;
				CLANG_WARN_EMPTY_BODY = YES;
				CLANG_WARN_ENUM_CONVERSION = YES;
				CLANG_WARN_INT_CONVERSION = YES;
				CLANG_WARN_OBJC_ROOT_CLASS = YES_ERROR;
				CLANG_WARN_UNREACHABLE_CODE = YES;
				CLANG_WARN__DUPLICATE_METHOD_MATCH = YES;
				"CODE_SIGN_IDENTITY[sdk=iphoneos*]" = "iPhone Developer";
				COPY_PHASE_STRIP = NO;
				DEBUG_INFORMATION_FORMAT = "dwarf-with-dsym";
				ENABLE_STRICT_OBJC_MSGSEND = YES;
				GCC_C_LANGUAGE_STANDARD = gnu99;
				GCC_DYNAMIC_NO_PIC = NO;
				GCC_NO_COMMON_BLOCKS = YES;
				GCC_OPTIMIZATION_LEVEL = 0;
				GCC_PREPROCESSOR_DEFINITIONS = (
					"DEBUG=1",
					"$(inherited)",
				);
				GCC_SYMBOLS_PRIVATE_EXTERN = NO;
				GCC_WARN_64_TO_32_BIT_CONVERSION = YES;
				GCC_WARN_ABOUT_RETURN_TYPE = YES_ERROR;
				GCC_WARN_UNDECLARED_SELECTOR = YES;
				GCC_WARN_UNINITIALIZED_AUTOS = YES_AGGRESSIVE;
				GCC_WARN_UNUSED_FUNCTION = YES;
				GCC_WARN_UNUSED_VARIABLE = YES;
				IPHONEOS_DEPLOYMENT_TARGET = 8.3;
				MTL_ENABLE_DEBUG_INFO = YES;
				ONLY_ACTIVE_ARCH = YES;
				SDKROOT = iphoneos;
			};
			name = Debug;
		};
		3F90D9CD1BF25CB700EACB36 /* Release */ = {
			isa = XCBuildConfiguration;
			buildSettings = {
				ALWAYS_SEARCH_USER_PATHS = NO;
				CLANG_CXX_LANGUAGE_STANDARD = "gnu++0x";
				CLANG_CXX_LIBRARY = "libc++";
				CLANG_ENABLE_MODULES = YES;
				CLANG_ENABLE_OBJC_ARC = YES;
				CLANG_WARN_BOOL_CONVERSION = YES;
				CLANG_WARN_CONSTANT_CONVERSION = YES;
				CLANG_WARN_DIRECT_OBJC_ISA_USAGE = YES_ERROR;
				CLANG_WARN_EMPTY_BODY = YES;
				CLANG_WARN_ENUM_CONVERSION = YES;
				CLANG_WARN_INT_CONVERSION = YES;
				CLANG_WARN_OBJC_ROOT_CLASS = YES_ERROR;
				CLANG_WARN_UNREACHABLE_CODE = YES;
				CLANG_WARN__DUPLICATE_METHOD_MATCH = YES;
				"CODE_SIGN_IDENTITY[sdk=iphoneos*]" = "iPhone Developer";
				COPY_PHASE_STRIP = NO;
				DEBUG_INFORMATION_FORMAT = "dwarf-with-dsym";
				ENABLE_NS_ASSERTIONS = NO;
				ENABLE_STRICT_OBJC_MSGSEND = YES;
				GCC_C_LANGUAGE_STANDARD = gnu99;
				GCC_NO_COMMON_BLOCKS = YES;
				GCC_WARN_64_TO_32_BIT_CONVERSION = YES;
				GCC_WARN_ABOUT_RETURN_TYPE = YES_ERROR;
				GCC_WARN_UNDECLARED_SELECTOR = YES;
				GCC_WARN_UNINITIALIZED_AUTOS = YES_AGGRESSIVE;
				GCC_WARN_UNUSED_FUNCTION = YES;
				GCC_WARN_UNUSED_VARIABLE = YES;
				IPHONEOS_DEPLOYMENT_TARGET = 8.3;
				MTL_ENABLE_DEBUG_INFO = NO;
				SDKROOT = iphoneos;
				VALIDATE_PRODUCT = YES;
			};
			name = Release;
		};
		3F90D9CF1BF25CB700EACB36 /* Debug */ = {
			isa = XCBuildConfiguration;
			buildSettings = {
				ASSETCATALOG_COMPILER_APPICON_NAME = AppIcon;
				INFOPLIST_FILE = test/Info.plist;
				LD_RUNPATH_SEARCH_PATHS = "$(inherited) @executable_path/Frameworks";
				PRODUCT_NAME = "$(TARGET_NAME)";
			};
			name = Debug;
		};
		3F90D9D01BF25CB700EACB36 /* Release */ = {
			isa = XCBuildConfiguration;
			buildSettings = {
				ASSETCATALOG_COMPILER_APPICON_NAME = AppIcon;
				INFOPLIST_FILE = test/Info.plist;
				LD_RUNPATH_SEARCH_PATHS = "$(inherited) @executable_path/Frameworks";
				PRODUCT_NAME = "$(TARGET_NAME)";
			};
			name = Release;
		};
		3F90D9D21BF25CB700EACB36 /* Debug */ = {
			isa = XCBuildConfiguration;
			buildSettings = {
				BUNDLE_LOADER = "$(TEST_HOST)";
				FRAMEWORK_SEARCH_PATHS = (
					"$(SDKROOT)/Developer/Library/Frameworks",
					"$(inherited)",
				);
				GCC_PREPROCESSOR_DEFINITIONS = (
					"DEBUG=1",
					"$(inherited)",
				);
				INFOPLIST_FILE = testTests/Info.plist;
				LD_RUNPATH_SEARCH_PATHS = "$(inherited) @executable_path/Frameworks @loader_path/Frameworks";
				PRODUCT_NAME = "$(TARGET_NAME)";
				TEST_HOST = "$(BUILT_PRODUCTS_DIR)/test.app/test";
			};
			name = Debug;
		};
		3F90D9D31BF25CB700EACB36 /* Release */ = {
			isa = XCBuildConfiguration;
			buildSettings = {
				BUNDLE_LOADER = "$(TEST_HOST)";
				FRAMEWORK_SEARCH_PATHS = (
					"$(SDKROOT)/Developer/Library/Frameworks",
					"$(inherited)",
				);
				INFOPLIST_FILE = testTests/Info.plist;
				LD_RUNPATH_SEARCH_PATHS = "$(inherited) @executable_path/Frameworks @loader_path/Frameworks";
				PRODUCT_NAME = "$(TARGET_NAME)";
				TEST_HOST = "$(BUILT_PRODUCTS_DIR)/test.app/test";
			};
			name = Release;
		};
/* End XCBuildConfiguration section */

/* Begin XCConfigurationList section */
		3F90D9A61BF25CB700EACB36 /* Build configuration list for PBXProject "test" */ = {
			isa = XCConfigurationList;
			buildConfigurations = (
				3F90D9CC1BF25CB700EACB36 /* Debug */,
				3F90D9CD1BF25CB700EACB36 /* Release */,
			);
			defaultConfigurationIsVisible = 0;
			defaultConfigurationName = Release;
		};
		3F90D9CE1BF25CB700EACB36 /* Build configuration list for PBXNativeTarget "test" */ = {
			isa = XCConfigurationList;
			buildConfigurations = (
				3F90D9CF1BF25CB700EACB36 /* Debug */,
				3F90D9D01BF25CB700EACB36 /* Release */,
			);
			defaultConfigurationIsVisible = 0;
		};
		3F90D9D11BF25CB700EACB36 /* Build configuration list for PBXNativeTarget "testTests" */ = {
			isa = XCConfigurationList;
			buildConfigurations = (
				3F90D9D21BF25CB700EACB36 /* Debug */,
				3F90D9D31BF25CB700EACB36 /* Release */,
			);
			defaultConfigurationIsVisible = 0;
		};
/* End XCConfigurationList section */
	};
	rootObject = 3F90D9A31BF25CB700EACB36 /* Project object */;
}
